
Microsoft Visual Studio Solution File, Format Version 12.00
# Visual Studio Version 16
VisualStudioVersion = 16.0.32106.194
MinimumVisualStudioVersion = 10.0.40219.1
Project("{FAE04EC0-301F-11D3-BF4B-00C04F79EFBC}") = "ITMO.CSCourseLab1.Ex1.2", "ITMO.CSCourseLab1.Ex1.2\ITMO.CSCourseLab1.Ex1.2.csproj", "{7343366A-1A04-4AA8-B973-7D56124EA768}"
EndProject
Project("{FAE04EC0-301F-11D3-BF4B-00C04F79EFBC}") = "ITMO.CSCourseLab1.Ex4", "ITMO.CSCourseLab1.Ex4\ITMO.CSCourseLab1.Ex4.csproj", "{CE2C8F51-3439-4C0E-A385-ADFDEF72F614}"
EndProject
Project("{FAE04EC0-301F-11D3-BF4B-00C04F79EFBC}") = "ITMO.CSCourseLab1.Ex5.1", "ITMO.CSCourseLab1.Ex5.1\ITMO.CSCourseLab1.Ex5.1.csproj", "{F56B418E-2DB3-466F-91B1-32E7133DA4A5}"
EndProject
Project("{FAE04EC0-301F-11D3-BF4B-00C04F79EFBC}") = "ITMO.CSCourseLab1.Ex5.2", "ITMO.CSCourseLab1.Ex5.2\ITMO.CSCourseLab1.Ex5.2.csproj", "{172326B6-9C07-4C8C-B626-C9E0A75147BE}"
EndProject
Project("{FAE04EC0-301F-11D3-BF4B-00C04F79EFBC}") = "ITMO.SCCourseLab1.Ex1.1", "ITMO.CSCourseLab1.Ex1.1\ITMO.SCCourseLab1.Ex1.1.csproj", "{875FE509-6EE3-4248-AA37-A79DE32880DC}"
EndProject
Global
	GlobalSection(SolutionConfigurationPlatforms) = preSolution
		Debug|Any CPU = Debug|Any CPU
		Release|Any CPU = Release|Any CPU
	EndGlobalSection
	GlobalSection(ProjectConfigurationPlatforms) = postSolution
		{7343366A-1A04-4AA8-B973-7D56124EA768}.Debug|Any CPU.ActiveCfg = Debug|Any CPU
		{7343366A-1A04-4AA8-B973-7D56124EA768}.Debug|Any CPU.Build.0 = Debug|Any CPU
		{7343366A-1A04-4AA8-B973-7D56124EA768}.Release|Any CPU.ActiveCfg = Release|Any CPU
		{7343366A-1A04-4AA8-B973-7D56124EA768}.Release|Any CPU.Build.0 = Release|Any CPU
		{CE2C8F51-3439-4C0E-A385-ADFDEF72F614}.Debug|Any CPU.ActiveCfg = Debug|Any CPU
		{CE2C8F51-3439-4C0E-A385-ADFDEF72F614}.Debug|Any CPU.Build.0 = Debug|Any CPU
		{CE2C8F51-3439-4C0E-A385-ADFDEF72F614}.Release|Any CPU.ActiveCfg = Release|Any CPU
		{CE2C8F51-3439-4C0E-A385-ADFDEF72F614}.Release|Any CPU.Build.0 = Release|Any CPU
		{F56B418E-2DB3-466F-91B1-32E7133DA4A5}.Debug|Any CPU.ActiveCfg = Debug|Any CPU
		{F56B418E-2DB3-466F-91B1-32E7133DA4A5}.Debug|Any CPU.Build.0 = Debug|Any CPU
		{F56B418E-2DB3-466F-91B1-32E7133DA4A5}.Release|Any CPU.ActiveCfg = Release|Any CPU
		{F56B418E-2DB3-466F-91B1-32E7133DA4A5}.Release|Any CPU.Build.0 = Release|Any CPU
		{172326B6-9C07-4C8C-B626-C9E0A75147BE}.Debug|Any CPU.ActiveCfg = Debug|Any CPU
		{172326B6-9C07-4C8C-B626-C9E0A75147BE}.Debug|Any CPU.Build.0 = Debug|Any CPU
		{172326B6-9C07-4C8C-B626-C9E0A75147BE}.Release|Any CPU.ActiveCfg = Release|Any CPU
		{172326B6-9C07-4C8C-B626-C9E0A75147BE}.Release|Any CPU.Build.0 = Release|Any CPU
		{875FE509-6EE3-4248-AA37-A79DE32880DC}.Debug|Any CPU.ActiveCfg = Debug|Any CPU
		{875FE509-6EE3-4248-AA37-A79DE32880DC}.Debug|Any CPU.Build.0 = Debug|Any CPU
		{875FE509-6EE3-4248-AA37-A79DE32880DC}.Release|Any CPU.ActiveCfg = Release|Any CPU
		{875FE509-6EE3-4248-AA37-A79DE32880DC}.Release|Any CPU.Build.0 = Release|Any CPU
	EndGlobalSection
	GlobalSection(SolutionProperties) = preSolution
		HideSolutionNode = FALSE
	EndGlobalSection
	GlobalSection(ExtensibilityGlobals) = postSolution
		SolutionGuid = {46E6D23F-30E8-493A-9C09-7DA8A00888E3}
	EndGlobalSection
EndGlobal
