
Microsoft Visual Studio Solution File, Format Version 12.00
# Visual Studio Version 16
VisualStudioVersion = 16.0.32106.194
MinimumVisualStudioVersion = 10.0.40219.1
Project("{FAE04EC0-301F-11D3-BF4B-00C04F79EFBC}") = "ITMO.CSCourseLab2.WinQuestion", "ITMO.CSCourseLab2.WinQuestion\ITMO.CSCourseLab2.WinQuestion.csproj", "{6B0F6DB6-D874-4C37-B93A-2BF648AF249E}"
EndProject
Project("{FAE04EC0-301F-11D3-BF4B-00C04F79EFBC}") = "ITMO.CSCourseLab2.TestList", "ITMO.CSCourseLab2.TestList\ITMO.CSCourseLab2.TestList.csproj", "{8D8FC0A5-5ACA-463C-9F04-2531B52D6A84}"
EndProject
Project("{FAE04EC0-301F-11D3-BF4B-00C04F79EFBC}") = "ITMO.CSCourse.RegistrationForm", "ITMO.CSCourse.RegistrationForm\ITMO.CSCourse.RegistrationForm.csproj", "{0E877091-10AA-4D65-B39C-53EF01D71E12}"
EndProject
Project("{FAE04EC0-301F-11D3-BF4B-00C04F79EFBC}") = "ITMO.CSCourseLab2.WinContainer", "WinContainer\ITMO.CSCourseLab2.WinContainer.csproj", "{D93BB97B-F994-47CA-AD64-7FE11297711A}"
EndProject
Project("{FAE04EC0-301F-11D3-BF4B-00C04F79EFBC}") = "TraningAppConnectionDB", "TraningAppConnectionDB\TraningAppConnectionDB.csproj", "{7BBBB50B-0B2E-4C79-B983-63A026AC05BC}"
EndProject
Project("{FAE04EC0-301F-11D3-BF4B-00C04F79EFBC}") = "ITMO.CSCourseLab2.BiblWorm", "ITMO.CSCourseLab2.BiblWorm\ITMO.CSCourseLab2.BiblWorm.csproj", "{E3822EF3-5CC6-4D38-8BAF-024E67BB4E35}"
EndProject
Global
	GlobalSection(SolutionConfigurationPlatforms) = preSolution
		Debug|Any CPU = Debug|Any CPU
		Release|Any CPU = Release|Any CPU
	EndGlobalSection
	GlobalSection(ProjectConfigurationPlatforms) = postSolution
		{6B0F6DB6-D874-4C37-B93A-2BF648AF249E}.Debug|Any CPU.ActiveCfg = Debug|Any CPU
		{6B0F6DB6-D874-4C37-B93A-2BF648AF249E}.Debug|Any CPU.Build.0 = Debug|Any CPU
		{6B0F6DB6-D874-4C37-B93A-2BF648AF249E}.Release|Any CPU.ActiveCfg = Release|Any CPU
		{6B0F6DB6-D874-4C37-B93A-2BF648AF249E}.Release|Any CPU.Build.0 = Release|Any CPU
		{8D8FC0A5-5ACA-463C-9F04-2531B52D6A84}.Debug|Any CPU.ActiveCfg = Debug|Any CPU
		{8D8FC0A5-5ACA-463C-9F04-2531B52D6A84}.Debug|Any CPU.Build.0 = Debug|Any CPU
		{8D8FC0A5-5ACA-463C-9F04-2531B52D6A84}.Release|Any CPU.ActiveCfg = Release|Any CPU
		{8D8FC0A5-5ACA-463C-9F04-2531B52D6A84}.Release|Any CPU.Build.0 = Release|Any CPU
		{0E877091-10AA-4D65-B39C-53EF01D71E12}.Debug|Any CPU.ActiveCfg = Debug|Any CPU
		{0E877091-10AA-4D65-B39C-53EF01D71E12}.Debug|Any CPU.Build.0 = Debug|Any CPU
		{0E877091-10AA-4D65-B39C-53EF01D71E12}.Release|Any CPU.ActiveCfg = Release|Any CPU
		{0E877091-10AA-4D65-B39C-53EF01D71E12}.Release|Any CPU.Build.0 = Release|Any CPU
		{D93BB97B-F994-47CA-AD64-7FE11297711A}.Debug|Any CPU.ActiveCfg = Debug|Any CPU
		{D93BB97B-F994-47CA-AD64-7FE11297711A}.Debug|Any CPU.Build.0 = Debug|Any CPU
		{D93BB97B-F994-47CA-AD64-7FE11297711A}.Release|Any CPU.ActiveCfg = Release|Any CPU
		{D93BB97B-F994-47CA-AD64-7FE11297711A}.Release|Any CPU.Build.0 = Release|Any CPU
		{7BBBB50B-0B2E-4C79-B983-63A026AC05BC}.Debug|Any CPU.ActiveCfg = Debug|Any CPU
		{7BBBB50B-0B2E-4C79-B983-63A026AC05BC}.Debug|Any CPU.Build.0 = Debug|Any CPU
		{7BBBB50B-0B2E-4C79-B983-63A026AC05BC}.Release|Any CPU.ActiveCfg = Release|Any CPU
		{7BBBB50B-0B2E-4C79-B983-63A026AC05BC}.Release|Any CPU.Build.0 = Release|Any CPU
		{E3822EF3-5CC6-4D38-8BAF-024E67BB4E35}.Debug|Any CPU.ActiveCfg = Debug|Any CPU
		{E3822EF3-5CC6-4D38-8BAF-024E67BB4E35}.Debug|Any CPU.Build.0 = Debug|Any CPU
		{E3822EF3-5CC6-4D38-8BAF-024E67BB4E35}.Release|Any CPU.ActiveCfg = Release|Any CPU
		{E3822EF3-5CC6-4D38-8BAF-024E67BB4E35}.Release|Any CPU.Build.0 = Release|Any CPU
	EndGlobalSection
	GlobalSection(SolutionProperties) = preSolution
		HideSolutionNode = FALSE
	EndGlobalSection
	GlobalSection(ExtensibilityGlobals) = postSolution
		SolutionGuid = {01DEDF39-B7F1-4B3D-ACBF-F4846DF03642}
	EndGlobalSection
EndGlobal
